
Microsoft Visual Studio Solution File, Format Version 12.00
# Visual Studio Version 16
VisualStudioVersion = 16.0.30413.136
MinimumVisualStudioVersion = 10.0.40219.1
Project("{FAE04EC0-301F-11D3-BF4B-00C04F79EFBC}") = "analginDB", "analginDB\analginDB.csproj", "{A603A826-D51D-47E8-8A33-4FC42EC56071}"
EndProject
Global
	GlobalSection(SolutionConfigurationPlatforms) = preSolution
		Debug|Any CPU = Debug|Any CPU
		Release|Any CPU = Release|Any CPU
	EndGlobalSection
	GlobalSection(ProjectConfigurationPlatforms) = postSolution
		{A603A826-D51D-47E8-8A33-4FC42EC56071}.Debug|Any CPU.ActiveCfg = Debug|Any CPU
		{A603A826-D51D-47E8-8A33-4FC42EC56071}.Debug|Any CPU.Build.0 = Debug|Any CPU
		{A603A826-D51D-47E8-8A33-4FC42EC56071}.Release|Any CPU.ActiveCfg = Release|Any CPU
		{A603A826-D51D-47E8-8A33-4FC42EC56071}.Release|Any CPU.Build.0 = Release|Any CPU
	EndGlobalSection
	GlobalSection(SolutionProperties) = preSolution
		HideSolutionNode = FALSE
	EndGlobalSection
	GlobalSection(ExtensibilityGlobals) = postSolution
		SolutionGuid = {2BCCC563-E396-473F-9B3B-C2580E266005}
	EndGlobalSection
EndGlobal
